
Microsoft Visual Studio Solution File, Format Version 12.00
# Visual Studio 15
Project("{FAE04EC0-301F-11D3-BF4B-00C04F79EFBC}") = "SimpleFileBrowser.Runtime", "SimpleFileBrowser.Runtime.csproj", "{FAA271AE-6CB6-EB42-E87C-47F08813791A}"
EndProject
Project("{FAE04EC0-301F-11D3-BF4B-00C04F79EFBC}") = "Assembly-CSharp", "Assembly-CSharp.csproj", "{DA53A0B1-5CDC-9DC2-83C9-38F6901DD531}"
EndProject
Project("{FAE04EC0-301F-11D3-BF4B-00C04F79EFBC}") = "SimpleFileBrowser.Editor", "SimpleFileBrowser.Editor.csproj", "{6C1E6640-488B-17B3-D3FA-018910772835}"
EndProject
Global
	GlobalSection(SolutionConfigurationPlatforms) = preSolution
		Debug|Any CPU = Debug|Any CPU
		Release|Any CPU = Release|Any CPU
	EndGlobalSection
	GlobalSection(ProjectConfigurationPlatforms) = postSolution
		{FAA271AE-6CB6-EB42-E87C-47F08813791A}.Debug|Any CPU.ActiveCfg = Debug|Any CPU
		{FAA271AE-6CB6-EB42-E87C-47F08813791A}.Debug|Any CPU.Build.0 = Debug|Any CPU
		{FAA271AE-6CB6-EB42-E87C-47F08813791A}.Release|Any CPU.ActiveCfg = Release|Any CPU
		{FAA271AE-6CB6-EB42-E87C-47F08813791A}.Release|Any CPU.Build.0 = Release|Any CPU
		{DA53A0B1-5CDC-9DC2-83C9-38F6901DD531}.Debug|Any CPU.ActiveCfg = Debug|Any CPU
		{DA53A0B1-5CDC-9DC2-83C9-38F6901DD531}.Debug|Any CPU.Build.0 = Debug|Any CPU
		{DA53A0B1-5CDC-9DC2-83C9-38F6901DD531}.Release|Any CPU.ActiveCfg = Release|Any CPU
		{DA53A0B1-5CDC-9DC2-83C9-38F6901DD531}.Release|Any CPU.Build.0 = Release|Any CPU
		{6C1E6640-488B-17B3-D3FA-018910772835}.Debug|Any CPU.ActiveCfg = Debug|Any CPU
		{6C1E6640-488B-17B3-D3FA-018910772835}.Debug|Any CPU.Build.0 = Debug|Any CPU
		{6C1E6640-488B-17B3-D3FA-018910772835}.Release|Any CPU.ActiveCfg = Release|Any CPU
		{6C1E6640-488B-17B3-D3FA-018910772835}.Release|Any CPU.Build.0 = Release|Any CPU
	EndGlobalSection
	GlobalSection(SolutionProperties) = preSolution
		HideSolutionNode = FALSE
	EndGlobalSection
EndGlobal
